
Microsoft Visual Studio Solution File, Format Version 12.00
# Visual Studio Version 16
VisualStudioVersion = 16.0.30413.136
MinimumVisualStudioVersion = 10.0.40219.1
Project("{FAE04EC0-301F-11D3-BF4B-00C04F79EFBC}") = "Blog.Data", "Blog.Data\Blog.Data.csproj", "{53FAEB3B-A82A-4186-8CE7-09E125DA245C}"
EndProject
Project("{FAE04EC0-301F-11D3-BF4B-00C04F79EFBC}") = "Blog.Framework", "Blog.Framework\Blog.Framework.csproj", "{CC911F11-4A98-4C44-B143-8445E592D431}"
EndProject
Project("{FAE04EC0-301F-11D3-BF4B-00C04F79EFBC}") = "Blog.Web", "Blog.Web\Blog.Web.csproj", "{A8C92C82-CDD8-4E7D-A17B-52CB36A22DA4}"
EndProject
Global
	GlobalSection(SolutionConfigurationPlatforms) = preSolution
		Debug|Any CPU = Debug|Any CPU
		Release|Any CPU = Release|Any CPU
	EndGlobalSection
	GlobalSection(ProjectConfigurationPlatforms) = postSolution
		{53FAEB3B-A82A-4186-8CE7-09E125DA245C}.Debug|Any CPU.ActiveCfg = Debug|Any CPU
		{53FAEB3B-A82A-4186-8CE7-09E125DA245C}.Debug|Any CPU.Build.0 = Debug|Any CPU
		{53FAEB3B-A82A-4186-8CE7-09E125DA245C}.Release|Any CPU.ActiveCfg = Release|Any CPU
		{53FAEB3B-A82A-4186-8CE7-09E125DA245C}.Release|Any CPU.Build.0 = Release|Any CPU
		{CC911F11-4A98-4C44-B143-8445E592D431}.Debug|Any CPU.ActiveCfg = Debug|Any CPU
		{CC911F11-4A98-4C44-B143-8445E592D431}.Debug|Any CPU.Build.0 = Debug|Any CPU
		{CC911F11-4A98-4C44-B143-8445E592D431}.Release|Any CPU.ActiveCfg = Release|Any CPU
		{CC911F11-4A98-4C44-B143-8445E592D431}.Release|Any CPU.Build.0 = Release|Any CPU
		{A8C92C82-CDD8-4E7D-A17B-52CB36A22DA4}.Debug|Any CPU.ActiveCfg = Debug|Any CPU
		{A8C92C82-CDD8-4E7D-A17B-52CB36A22DA4}.Debug|Any CPU.Build.0 = Debug|Any CPU
		{A8C92C82-CDD8-4E7D-A17B-52CB36A22DA4}.Release|Any CPU.ActiveCfg = Release|Any CPU
		{A8C92C82-CDD8-4E7D-A17B-52CB36A22DA4}.Release|Any CPU.Build.0 = Release|Any CPU
	EndGlobalSection
	GlobalSection(SolutionProperties) = preSolution
		HideSolutionNode = FALSE
	EndGlobalSection
	GlobalSection(ExtensibilityGlobals) = postSolution
		SolutionGuid = {46E57F90-BCBF-4D61-8D59-A3F19F3B5802}
	EndGlobalSection
EndGlobal
